
Microsoft Visual Studio Solution File, Format Version 12.00
# Visual Studio Version 17
VisualStudioVersion = 17.4.33205.214
MinimumVisualStudioVersion = 10.0.40219.1
Project("{FAE04EC0-301F-11D3-BF4B-00C04F79EFBC}") = "Labwork 27.02.2023", "Labwork 27.02.2023.csproj", "{72242557-FDA6-4AFA-989D-3C168B1B074E}"
EndProject
Global
	GlobalSection(SolutionConfigurationPlatforms) = preSolution
		Debug|Any CPU = Debug|Any CPU
		Release|Any CPU = Release|Any CPU
	EndGlobalSection
	GlobalSection(ProjectConfigurationPlatforms) = postSolution
		{72242557-FDA6-4AFA-989D-3C168B1B074E}.Debug|Any CPU.ActiveCfg = Debug|Any CPU
		{72242557-FDA6-4AFA-989D-3C168B1B074E}.Debug|Any CPU.Build.0 = Debug|Any CPU
		{72242557-FDA6-4AFA-989D-3C168B1B074E}.Release|Any CPU.ActiveCfg = Release|Any CPU
		{72242557-FDA6-4AFA-989D-3C168B1B074E}.Release|Any CPU.Build.0 = Release|Any CPU
	EndGlobalSection
	GlobalSection(SolutionProperties) = preSolution
		HideSolutionNode = FALSE
	EndGlobalSection
	GlobalSection(ExtensibilityGlobals) = postSolution
		SolutionGuid = {BFD1C7FD-2FD2-447A-8106-598110A1872E}
	EndGlobalSection
EndGlobal
